// !$*UTF8*$!
{
	archiveVersion = 1;
	classes = {
	};
	objectVersion = 50;
	objects = {

/* Begin PBXBuildFile section */
		A7F034FD2532001F00A1541E /* AppDelegate.swift in Sources */ = {isa = PBXBuildFile; fileRef = A7F034FC2532001F00A1541E /* AppDelegate.swift */; };
		A7F034FF2532001F00A1541E /* SceneDelegate.swift in Sources */ = {isa = PBXBuildFile; fileRef = A7F034FE2532001F00A1541E /* SceneDelegate.swift */; };
		A7F035012532001F00A1541E /* ViewController.swift in Sources */ = {isa = PBXBuildFile; fileRef = A7F035002532001F00A1541E /* ViewController.swift */; };
		A7F035042532001F00A1541E /* Main.storyboard in Resources */ = {isa = PBXBuildFile; fileRef = A7F035022532001F00A1541E /* Main.storyboard */; };
		A7F035062532002000A1541E /* Assets.xcassets in Resources */ = {isa = PBXBuildFile; fileRef = A7F035052532002000A1541E /* Assets.xcassets */; };
		A7F035092532002000A1541E /* LaunchScreen.storyboard in Resources */ = {isa = PBXBuildFile; fileRef = A7F035072532002000A1541E /* LaunchScreen.storyboard */; };
		A7F035142532002000A1541E /* JogoDaMemoriaTests.swift in Sources */ = {isa = PBXBuildFile; fileRef = A7F035132532002000A1541E /* JogoDaMemoriaTests.swift */; };
		A7F0351F2532002000A1541E /* JogoDaMemoriaUITests.swift in Sources */ = {isa = PBXBuildFile; fileRef = A7F0351E2532002000A1541E /* JogoDaMemoriaUITests.swift */; };
/* End PBXBuildFile section */

/* Begin PBXContainerItemProxy section */
		A7F035102532002000A1541E /* PBXContainerItemProxy */ = {
			isa = PBXContainerItemProxy;
			containerPortal = A7F034F12532001F00A1541E /* Project object */;
			proxyType = 1;
			remoteGlobalIDString = A7F034F82532001F00A1541E;
			remoteInfo = JogoDaMemoria;
		};
		A7F0351B2532002000A1541E /* PBXContainerItemProxy */ = {
			isa = PBXContainerItemProxy;
			containerPortal = A7F034F12532001F00A1541E /* Project object */;
			proxyType = 1;
			remoteGlobalIDString = A7F034F82532001F00A1541E;
			remoteInfo = JogoDaMemoria;
		};
/* End PBXContainerItemProxy section */

/* Begin PBXFileReference section */
		A7F034F92532001F00A1541E /* JogoDaMemoria.app */ = {isa = PBXFileReference; explicitFileType = wrapper.application; includeInIndex = 0; path = JogoDaMemoria.app; sourceTree = BUILT_PRODUCTS_DIR; };
		A7F034FC2532001F00A1541E /* AppDelegate.swift */ = {isa = PBXFileReference; lastKnownFileType = sourcecode.swift; path = AppDelegate.swift; sourceTree = "<group>"; };
		A7F034FE2532001F00A1541E /* SceneDelegate.swift */ = {isa = PBXFileReference; lastKnownFileType = sourcecode.swift; path = SceneDelegate.swift; sourceTree = "<group>"; };
		A7F035002532001F00A1541E /* ViewController.swift */ = {isa = PBXFileReference; lastKnownFileType = sourcecode.swift; path = ViewController.swift; sourceTree = "<group>"; };
		A7F035032532001F00A1541E /* Base */ = {isa = PBXFileReference; lastKnownFileType = file.storyboard; name = Base; path = Base.lproj/Main.storyboard; sourceTree = "<group>"; };
		A7F035052532002000A1541E /* Assets.xcassets */ = {isa = PBXFileReference; lastKnownFileType = folder.assetcatalog; path = Assets.xcassets; sourceTree = "<group>"; };
		A7F035082532002000A1541E /* Base */ = {isa = PBXFileReference; lastKnownFileType = file.storyboard; name = Base; path = Base.lproj/LaunchScreen.storyboard; sourceTree = "<group>"; };
		A7F0350A2532002000A1541E /* Info.plist */ = {isa = PBXFileReference; lastKnownFileType = text.plist.xml; path = Info.plist; sourceTree = "<group>"; };
		A7F0350F2532002000A1541E /* JogoDaMemoriaTests.xctest */ = {isa = PBXFileReference; explicitFileType = wrapper.cfbundle; includeInIndex = 0; path = JogoDaMemoriaTests.xctest; sourceTree = BUILT_PRODUCTS_DIR; };
		A7F035132532002000A1541E /* JogoDaMemoriaTests.swift */ = {isa = PBXFileReference; lastKnownFileType = sourcecode.swift; path = JogoDaMemoriaTests.swift; sourceTree = "<group>"; };
		A7F035152532002000A1541E /* Info.plist */ = {isa = PBXFileReference; lastKnownFileType = text.plist.xml; path = Info.plist; sourceTree = "<group>"; };
		A7F0351A2532002000A1541E /* JogoDaMemoriaUITests.xctest */ = {isa = PBXFileReference; explicitFileType = wrapper.cfbundle; includeInIndex = 0; path = JogoDaMemoriaUITests.xctest; sourceTree = BUILT_PRODUCTS_DIR; };
		A7F0351E2532002000A1541E /* JogoDaMemoriaUITests.swift */ = {isa = PBXFileReference; lastKnownFileType = sourcecode.swift; path = JogoDaMemoriaUITests.swift; sourceTree = "<group>"; };
		A7F035202532002000A1541E /* Info.plist */ = {isa = PBXFileReference; lastKnownFileType = text.plist.xml; path = Info.plist; sourceTree = "<group>"; };
/* End PBXFileReference section */

/* Begin PBXFrameworksBuildPhase section */
		A7F034F62532001F00A1541E /* Frameworks */ = {
			isa = PBXFrameworksBuildPhase;
			buildActionMask = 2147483647;
			files = (
			);
			runOnlyForDeploymentPostprocessing = 0;
		};
		A7F0350C2532002000A1541E /* Frameworks */ = {
			isa = PBXFrameworksBuildPhase;
			buildActionMask = 2147483647;
			files = (
			);
			runOnlyForDeploymentPostprocessing = 0;
		};
		A7F035172532002000A1541E /* Frameworks */ = {
			isa = PBXFrameworksBuildPhase;
			buildActionMask = 2147483647;
			files = (
			);
			runOnlyForDeploymentPostprocessing = 0;
		};
/* End PBXFrameworksBuildPhase section */

/* Begin PBXGroup section */
		A7F034F02532001F00A1541E = {
			isa = PBXGroup;
			children = (
				A7F034FB2532001F00A1541E /* JogoDaMemoria */,
				A7F035122532002000A1541E /* JogoDaMemoriaTests */,
				A7F0351D2532002000A1541E /* JogoDaMemoriaUITests */,
				A7F034FA2532001F00A1541E /* Products */,
			);
			sourceTree = "<group>";
		};
		A7F034FA2532001F00A1541E /* Products */ = {
			isa = PBXGroup;
			children = (
				A7F034F92532001F00A1541E /* JogoDaMemoria.app */,
				A7F0350F2532002000A1541E /* JogoDaMemoriaTests.xctest */,
				A7F0351A2532002000A1541E /* JogoDaMemoriaUITests.xctest */,
			);
			name = Products;
			sourceTree = "<group>";
		};
		A7F034FB2532001F00A1541E /* JogoDaMemoria */ = {
			isa = PBXGroup;
			children = (
				A7F034FC2532001F00A1541E /* AppDelegate.swift */,
				A7F034FE2532001F00A1541E /* SceneDelegate.swift */,
				A7F035002532001F00A1541E /* ViewController.swift */,
				A7F035022532001F00A1541E /* Main.storyboard */,
				A7F035052532002000A1541E /* Assets.xcassets */,
				A7F035072532002000A1541E /* LaunchScreen.storyboard */,
				A7F0350A2532002000A1541E /* Info.plist */,
			);
			path = JogoDaMemoria;
			sourceTree = "<group>";
		};
		A7F035122532002000A1541E /* JogoDaMemoriaTests */ = {
			isa = PBXGroup;
			children = (
				A7F035132532002000A1541E /* JogoDaMemoriaTests.swift */,
				A7F035152532002000A1541E /* Info.plist */,
			);
			path = JogoDaMemoriaTests;
			sourceTree = "<group>";
		};
		A7F0351D2532002000A1541E /* JogoDaMemoriaUITests */ = {
			isa = PBXGroup;
			children = (
				A7F0351E2532002000A1541E /* JogoDaMemoriaUITests.swift */,
				A7F035202532002000A1541E /* Info.plist */,
			);
			path = JogoDaMemoriaUITests;
			sourceTree = "<group>";
		};
/* End PBXGroup section */

/* Begin PBXNativeTarget section */
		A7F034F82532001F00A1541E /* JogoDaMemoria */ = {
			isa = PBXNativeTarget;
			buildConfigurationList = A7F035232532002000A1541E /* Build configuration list for PBXNativeTarget "JogoDaMemoria" */;
			buildPhases = (
				A7F034F52532001F00A1541E /* Sources */,
				A7F034F62532001F00A1541E /* Frameworks */,
				A7F034F72532001F00A1541E /* Resources */,
			);
			buildRules = (
			);
			dependencies = (
			);
			name = JogoDaMemoria;
			productName = JogoDaMemoria;
			productReference = A7F034F92532001F00A1541E /* JogoDaMemoria.app */;
			productType = "com.apple.product-type.application";
		};
		A7F0350E2532002000A1541E /* JogoDaMemoriaTests */ = {
			isa = PBXNativeTarget;
			buildConfigurationList = A7F035262532002000A1541E /* Build configuration list for PBXNativeTarget "JogoDaMemoriaTests" */;
			buildPhases = (
				A7F0350B2532002000A1541E /* Sources */,
				A7F0350C2532002000A1541E /* Frameworks */,
				A7F0350D2532002000A1541E /* Resources */,
			);
			buildRules = (
			);
			dependencies = (
				A7F035112532002000A1541E /* PBXTargetDependency */,
			);
			name = JogoDaMemoriaTests;
			productName = JogoDaMemoriaTests;
			productReference = A7F0350F2532002000A1541E /* JogoDaMemoriaTests.xctest */;
			productType = "com.apple.product-type.bundle.unit-test";
		};
		A7F035192532002000A1541E /* JogoDaMemoriaUITests */ = {
			isa = PBXNativeTarget;
			buildConfigurationList = A7F035292532002000A1541E /* Build configuration list for PBXNativeTarget "JogoDaMemoriaUITests" */;
			buildPhases = (
				A7F035162532002000A1541E /* Sources */,
				A7F035172532002000A1541E /* Frameworks */,
				A7F035182532002000A1541E /* Resources */,
			);
			buildRules = (
			);
			dependencies = (
				A7F0351C2532002000A1541E /* PBXTargetDependency */,
			);
			name = JogoDaMemoriaUITests;
			productName = JogoDaMemoriaUITests;
			productReference = A7F0351A2532002000A1541E /* JogoDaMemoriaUITests.xctest */;
			productType = "com.apple.product-type.bundle.ui-testing";
		};
/* End PBXNativeTarget section */

/* Begin PBXProject section */
		A7F034F12532001F00A1541E /* Project object */ = {
			isa = PBXProject;
			attributes = {
				LastSwiftUpdateCheck = 1200;
				LastUpgradeCheck = 1200;
				TargetAttributes = {
					A7F034F82532001F00A1541E = {
						CreatedOnToolsVersion = 12.0.1;
					};
					A7F0350E2532002000A1541E = {
						CreatedOnToolsVersion = 12.0.1;
						TestTargetID = A7F034F82532001F00A1541E;
					};
					A7F035192532002000A1541E = {
						CreatedOnToolsVersion = 12.0.1;
						TestTargetID = A7F034F82532001F00A1541E;
					};
				};
			};
			buildConfigurationList = A7F034F42532001F00A1541E /* Build configuration list for PBXProject "JogoDaMemoria" */;
			compatibilityVersion = "Xcode 9.3";
			developmentRegion = en;
			hasScannedForEncodings = 0;
			knownRegions = (
				en,
				Base,
			);
			mainGroup = A7F034F02532001F00A1541E;
			productRefGroup = A7F034FA2532001F00A1541E /* Products */;
			projectDirPath = "";
			projectRoot = "";
			targets = (
				A7F034F82532001F00A1541E /* JogoDaMemoria */,
				A7F0350E2532002000A1541E /* JogoDaMemoriaTests */,
				A7F035192532002000A1541E /* JogoDaMemoriaUITests */,
			);
		};
/* End PBXProject section */

/* Begin PBXResourcesBuildPhase section */
		A7F034F72532001F00A1541E /* Resources */ = {
			isa = PBXResourcesBuildPhase;
			buildActionMask = 2147483647;
			files = (
				A7F035092532002000A1541E /* LaunchScreen.storyboard in Resources */,
				A7F035062532002000A1541E /* Assets.xcassets in Resources */,
				A7F035042532001F00A1541E /* Main.storyboard in Resources */,
			);
			runOnlyForDeploymentPostprocessing = 0;
		};
		A7F0350D2532002000A1541E /* Resources */ = {
			isa = PBXResourcesBuildPhase;
			buildActionMask = 2147483647;
			files = (
			);
			runOnlyForDeploymentPostprocessing = 0;
		};
		A7F035182532002000A1541E /* Resources */ = {
			isa = PBXResourcesBuildPhase;
			buildActionMask = 2147483647;
			files = (
			);
			runOnlyForDeploymentPostprocessing = 0;
		};
/* End PBXResourcesBuildPhase section */

/* Begin PBXSourcesBuildPhase section */
		A7F034F52532001F00A1541E /* Sources */ = {
			isa = PBXSourcesBuildPhase;
			buildActionMask = 2147483647;
			files = (
				A7F035012532001F00A1541E /* ViewController.swift in Sources */,
				A7F034FD2532001F00A1541E /* AppDelegate.swift in Sources */,
				A7F034FF2532001F00A1541E /* SceneDelegate.swift in Sources */,
			);
			runOnlyForDeploymentPostprocessing = 0;
		};
		A7F0350B2532002000A1541E /* Sources */ = {
			isa = PBXSourcesBuildPhase;
			buildActionMask = 2147483647;
			files = (
				A7F035142532002000A1541E /* JogoDaMemoriaTests.swift in Sources */,
			);
			runOnlyForDeploymentPostprocessing = 0;
		};
		A7F035162532002000A1541E /* Sources */ = {
			isa = PBXSourcesBuildPhase;
			buildActionMask = 2147483647;
			files = (
				A7F0351F2532002000A1541E /* JogoDaMemoriaUITests.swift in Sources */,
			);
			runOnlyForDeploymentPostprocessing = 0;
		};
/* End PBXSourcesBuildPhase section */

/* Begin PBXTargetDependency section */
		A7F035112532002000A1541E /* PBXTargetDependency */ = {
			isa = PBXTargetDependency;
			target = A7F034F82532001F00A1541E /* JogoDaMemoria */;
			targetProxy = A7F035102532002000A1541E /* PBXContainerItemProxy */;
		};
		A7F0351C2532002000A1541E /* PBXTargetDependency */ = {
			isa = PBXTargetDependency;
			target = A7F034F82532001F00A1541E /* JogoDaMemoria */;
			targetProxy = A7F0351B2532002000A1541E /* PBXContainerItemProxy */;
		};
/* End PBXTargetDependency section */

/* Begin PBXVariantGroup section */
		A7F035022532001F00A1541E /* Main.storyboard */ = {
			isa = PBXVariantGroup;
			children = (
				A7F035032532001F00A1541E /* Base */,
			);
			name = Main.storyboard;
			sourceTree = "<group>";
		};
		A7F035072532002000A1541E /* LaunchScreen.storyboard */ = {
			isa = PBXVariantGroup;
			children = (
				A7F035082532002000A1541E /* Base */,
			);
			name = LaunchScreen.storyboard;
			sourceTree = "<group>";
		};
/* End PBXVariantGroup section */

/* Begin XCBuildConfiguration section */
		A7F035212532002000A1541E /* Debug */ = {
			isa = XCBuildConfiguration;
			buildSettings = {
				ALWAYS_SEARCH_USER_PATHS = NO;
				CLANG_ANALYZER_NONNULL = YES;
				CLANG_ANALYZER_NUMBER_OBJECT_CONVERSION = YES_AGGRESSIVE;
				CLANG_CXX_LANGUAGE_STANDARD = "gnu++14";
				CLANG_CXX_LIBRARY = "libc++";
				CLANG_ENABLE_MODULES = YES;
				CLANG_ENABLE_OBJC_ARC = YES;
				CLANG_ENABLE_OBJC_WEAK = YES;
				CLANG_WARN_BLOCK_CAPTURE_AUTORELEASING = YES;
				CLANG_WARN_BOOL_CONVERSION = YES;
				CLANG_WARN_COMMA = YES;
				CLANG_WARN_CONSTANT_CONVERSION = YES;
				CLANG_WARN_DEPRECATED_OBJC_IMPLEMENTATIONS = YES;
				CLANG_WARN_DIRECT_OBJC_ISA_USAGE = YES_ERROR;
				CLANG_WARN_DOCUMENTATION_COMMENTS = YES;
				CLANG_WARN_EMPTY_BODY = YES;
				CLANG_WARN_ENUM_CONVERSION = YES;
				CLANG_WARN_INFINITE_RECURSION = YES;
				CLANG_WARN_INT_CONVERSION = YES;
				CLANG_WARN_NON_LITERAL_NULL_CONVERSION = YES;
				CLANG_WARN_OBJC_IMPLICIT_RETAIN_SELF = YES;
				CLANG_WARN_OBJC_LITERAL_CONVERSION = YES;
				CLANG_WARN_OBJC_ROOT_CLASS = YES_ERROR;
				CLANG_WARN_QUOTED_INCLUDE_IN_FRAMEWORK_HEADER = YES;
				CLANG_WARN_RANGE_LOOP_ANALYSIS = YES;
				CLANG_WARN_STRICT_PROTOTYPES = YES;
				CLANG_WARN_SUSPICIOUS_MOVE = YES;
				CLANG_WARN_UNGUARDED_AVAILABILITY = YES_AGGRESSIVE;
				CLANG_WARN_UNREACHABLE_CODE = YES;
				CLANG_WARN__DUPLICATE_METHOD_MATCH = YES;
				COPY_PHASE_STRIP = NO;
				DEBUG_INFORMATION_FORMAT = dwarf;
				ENABLE_STRICT_OBJC_MSGSEND = YES;
				ENABLE_TESTABILITY = YES;
				GCC_C_LANGUAGE_STANDARD = gnu11;
				GCC_DYNAMIC_NO_PIC = NO;
				GCC_NO_COMMON_BLOCKS = YES;
				GCC_OPTIMIZATION_LEVEL = 0;
				GCC_PREPROCESSOR_DEFINITIONS = (
					"DEBUG=1",
					"$(inherited)",
				);
				GCC_WARN_64_TO_32_BIT_CONVERSION = YES;
				GCC_WARN_ABOUT_RETURN_TYPE = YES_ERROR;
				GCC_WARN_UNDECLARED_SELECTOR = YES;
				GCC_WARN_UNINITIALIZED_AUTOS = YES_AGGRESSIVE;
				GCC_WARN_UNUSED_FUNCTION = YES;
				GCC_WARN_UNUSED_VARIABLE = YES;
				IPHONEOS_DEPLOYMENT_TARGET = 14.0;
				MTL_ENABLE_DEBUG_INFO = INCLUDE_SOURCE;
				MTL_FAST_MATH = YES;
				ONLY_ACTIVE_ARCH = YES;
				SDKROOT = iphoneos;
				SWIFT_ACTIVE_COMPILATION_CONDITIONS = DEBUG;
				SWIFT_OPTIMIZATION_LEVEL = "-Onone";
			};
			name = Debug;
		};
		A7F035222532002000A1541E /* Release */ = {
			isa = XCBuildConfiguration;
			buildSettings = {
				ALWAYS_SEARCH_USER_PATHS = NO;
				CLANG_ANALYZER_NONNULL = YES;
				CLANG_ANALYZER_NUMBER_OBJECT_CONVERSION = YES_AGGRESSIVE;
				CLANG_CXX_LANGUAGE_STANDARD = "gnu++14";
				CLANG_CXX_LIBRARY = "libc++";
				CLANG_ENABLE_MODULES = YES;
				CLANG_ENABLE_OBJC_ARC = YES;
				CLANG_ENABLE_OBJC_WEAK = YES;
				CLANG_WARN_BLOCK_CAPTURE_AUTORELEASING = YES;
				CLANG_WARN_BOOL_CONVERSION = YES;
				CLANG_WARN_COMMA = YES;
				CLANG_WARN_CONSTANT_CONVERSION = YES;
				CLANG_WARN_DEPRECATED_OBJC_IMPLEMENTATIONS = YES;
				CLANG_WARN_DIRECT_OBJC_ISA_USAGE = YES_ERROR;
				CLANG_WARN_DOCUMENTATION_COMMENTS = YES;
				CLANG_WARN_EMPTY_BODY = YES;
				CLANG_WARN_ENUM_CONVERSION = YES;
				CLANG_WARN_INFINITE_RECURSION = YES;
				CLANG_WARN_INT_CONVERSION = YES;
				CLANG_WARN_NON_LITERAL_NULL_CONVERSION = YES;
				CLANG_WARN_OBJC_IMPLICIT_RETAIN_SELF = YES;
				CLANG_WARN_OBJC_LITERAL_CONVERSION = YES;
				CLANG_WARN_OBJC_ROOT_CLASS = YES_ERROR;
				CLANG_WARN_QUOTED_INCLUDE_IN_FRAMEWORK_HEADER = YES;
				CLANG_WARN_RANGE_LOOP_ANALYSIS = YES;
				CLANG_WARN_STRICT_PROTOTYPES = YES;
				CLANG_WARN_SUSPICIOUS_MOVE = YES;
				CLANG_WARN_UNGUARDED_AVAILABILITY = YES_AGGRESSIVE;
				CLANG_WARN_UNREACHABLE_CODE = YES;
				CLANG_WARN__DUPLICATE_METHOD_MATCH = YES;
				COPY_PHASE_STRIP = NO;
				DEBUG_INFORMATION_FORMAT = "dwarf-with-dsym";
				ENABLE_NS_ASSERTIONS = NO;
				ENABLE_STRICT_OBJC_MSGSEND = YES;
				GCC_C_LANGUAGE_STANDARD = gnu11;
				GCC_NO_COMMON_BLOCKS = YES;
				GCC_WARN_64_TO_32_BIT_CONVERSION = YES;
				GCC_WARN_ABOUT_RETURN_TYPE = YES_ERROR;
				GCC_WARN_UNDECLARED_SELECTOR = YES;
				GCC_WARN_UNINITIALIZED_AUTOS = YES_AGGRESSIVE;
				GCC_WARN_UNUSED_FUNCTION = YES;
				GCC_WARN_UNUSED_VARIABLE = YES;
				IPHONEOS_DEPLOYMENT_TARGET = 14.0;
				MTL_ENABLE_DEBUG_INFO = NO;
				MTL_FAST_MATH = YES;
				SDKROOT = iphoneos;
				SWIFT_COMPILATION_MODE = wholemodule;
				SWIFT_OPTIMIZATION_LEVEL = "-O";
				VALIDATE_PRODUCT = YES;
			};
			name = Release;
		};
		A7F035242532002000A1541E /* Debug */ = {
			isa = XCBuildConfiguration;
			buildSettings = {
				ASSETCATALOG_COMPILER_APPICON_NAME = AppIcon;
				ASSETCATALOG_COMPILER_GLOBAL_ACCENT_COLOR_NAME = AccentColor;
				CODE_SIGN_STYLE = Automatic;
				DEVELOPMENT_TEAM = V5LV8F8H2P;
				INFOPLIST_FILE = JogoDaMemoria/Info.plist;
				LD_RUNPATH_SEARCH_PATHS = (
					"$(inherited)",
					"@executable_path/Frameworks",
				);
				PRODUCT_BUNDLE_IDENTIFIER = br.com.cwi.treinamento.camille.JogoDaMemoria;
				PRODUCT_NAME = "$(TARGET_NAME)";
				SWIFT_VERSION = 5.0;
				TARGETED_DEVICE_FAMILY = "1,2";
			};
			name = Debug;
		};
		A7F035252532002000A1541E /* Release */ = {
			isa = XCBuildConfiguration;
			buildSettings = {
				ASSETCATALOG_COMPILER_APPICON_NAME = AppIcon;
				ASSETCATALOG_COMPILER_GLOBAL_ACCENT_COLOR_NAME = AccentColor;
				CODE_SIGN_STYLE = Automatic;
				DEVELOPMENT_TEAM = V5LV8F8H2P;
				INFOPLIST_FILE = JogoDaMemoria/Info.plist;
				LD_RUNPATH_SEARCH_PATHS = (
					"$(inherited)",
					"@executable_path/Frameworks",
				);
				PRODUCT_BUNDLE_IDENTIFIER = br.com.cwi.treinamento.camille.JogoDaMemoria;
				PRODUCT_NAME = "$(TARGET_NAME)";
				SWIFT_VERSION = 5.0;
				TARGETED_DEVICE_FAMILY = "1,2";
			};
			name = Release;
		};
		A7F035272532002000A1541E /* Debug */ = {
			isa = XCBuildConfiguration;
			buildSettings = {
				ALWAYS_EMBED_SWIFT_STANDARD_LIBRARIES = YES;
				BUNDLE_LOADER = "$(TEST_HOST)";
				CODE_SIGN_STYLE = Automatic;
				DEVELOPMENT_TEAM = V5LV8F8H2P;
				INFOPLIST_FILE = JogoDaMemoriaTests/Info.plist;
				IPHONEOS_DEPLOYMENT_TARGET = 14.0;
				LD_RUNPATH_SEARCH_PATHS = (
					"$(inherited)",
					"@executable_path/Frameworks",
					"@loader_path/Frameworks",
				);
				PRODUCT_BUNDLE_IDENTIFIER = br.com.cwi.treinamento.camille.JogoDaMemoriaTests;
				PRODUCT_NAME = "$(TARGET_NAME)";
				SWIFT_VERSION = 5.0;
				TARGETED_DEVICE_FAMILY = "1,2";
				TEST_HOST = "$(BUILT_PRODUCTS_DIR)/JogoDaMemoria.app/JogoDaMemoria";
			};
			name = Debug;
		};
		A7F035282532002000A1541E /* Release */ = {
			isa = XCBuildConfiguration;
			buildSettings = {
				ALWAYS_EMBED_SWIFT_STANDARD_LIBRARIES = YES;
				BUNDLE_LOADER = "$(TEST_HOST)";
				CODE_SIGN_STYLE = Automatic;
				DEVELOPMENT_TEAM = V5LV8F8H2P;
				INFOPLIST_FILE = JogoDaMemoriaTests/Info.plist;
				IPHONEOS_DEPLOYMENT_TARGET = 14.0;
				LD_RUNPATH_SEARCH_PATHS = (
					"$(inherited)",
					"@executable_path/Frameworks",
					"@loader_path/Frameworks",
				);
				PRODUCT_BUNDLE_IDENTIFIER = br.com.cwi.treinamento.camille.JogoDaMemoriaTests;
				PRODUCT_NAME = "$(TARGET_NAME)";
				SWIFT_VERSION = 5.0;
				TARGETED_DEVICE_FAMILY = "1,2";
				TEST_HOST = "$(BUILT_PRODUCTS_DIR)/JogoDaMemoria.app/JogoDaMemoria";
			};
			name = Release;
		};
		A7F0352A2532002000A1541E /* Debug */ = {
			isa = XCBuildConfiguration;
			buildSettings = {
				ALWAYS_EMBED_SWIFT_STANDARD_LIBRARIES = YES;
				CODE_SIGN_STYLE = Automatic;
				DEVELOPMENT_TEAM = V5LV8F8H2P;
				INFOPLIST_FILE = JogoDaMemoriaUITests/Info.plist;
				LD_RUNPATH_SEARCH_PATHS = (
					"$(inherited)",
					"@executable_path/Frameworks",
					"@loader_path/Frameworks",
				);
				PRODUCT_BUNDLE_IDENTIFIER = br.com.cwi.treinamento.camille.JogoDaMemoriaUITests;
				PRODUCT_NAME = "$(TARGET_NAME)";
				SWIFT_VERSION = 5.0;
				TARGETED_DEVICE_FAMILY = "1,2";
				TEST_TARGET_NAME = JogoDaMemoria;
			};
			name = Debug;
		};
		A7F0352B2532002000A1541E /* Release */ = {
			isa = XCBuildConfiguration;
			buildSettings = {
				ALWAYS_EMBED_SWIFT_STANDARD_LIBRARIES = YES;
				CODE_SIGN_STYLE = Automatic;
				DEVELOPMENT_TEAM = V5LV8F8H2P;
				INFOPLIST_FILE = JogoDaMemoriaUITests/Info.plist;
				LD_RUNPATH_SEARCH_PATHS = (
					"$(inherited)",
					"@executable_path/Frameworks",
					"@loader_path/Frameworks",
				);
				PRODUCT_BUNDLE_IDENTIFIER = br.com.cwi.treinamento.camille.JogoDaMemoriaUITests;
				PRODUCT_NAME = "$(TARGET_NAME)";
				SWIFT_VERSION = 5.0;
				TARGETED_DEVICE_FAMILY = "1,2";
				TEST_TARGET_NAME = JogoDaMemoria;
			};
			name = Release;
		};
/* End XCBuildConfiguration section */

/* Begin XCConfigurationList section */
		A7F034F42532001F00A1541E /* Build configuration list for PBXProject "JogoDaMemoria" */ = {
			isa = XCConfigurationList;
			buildConfigurations = (
				A7F035212532002000A1541E /* Debug */,
				A7F035222532002000A1541E /* Release */,
			);
			defaultConfigurationIsVisible = 0;
			defaultConfigurationName = Release;
		};
		A7F035232532002000A1541E /* Build configuration list for PBXNativeTarget "JogoDaMemoria" */ = {
			isa = XCConfigurationList;
			buildConfigurations = (
				A7F035242532002000A1541E /* Debug */,
				A7F035252532002000A1541E /* Release */,
			);
			defaultConfigurationIsVisible = 0;
			defaultConfigurationName = Release;
		};
		A7F035262532002000A1541E /* Build configuration list for PBXNativeTarget "JogoDaMemoriaTests" */ = {
			isa = XCConfigurationList;
			buildConfigurations = (
				A7F035272532002000A1541E /* Debug */,
				A7F035282532002000A1541E /* Release */,
			);
			defaultConfigurationIsVisible = 0;
			defaultConfigurationName = Release;
		};
		A7F035292532002000A1541E /* Build configuration list for PBXNativeTarget "JogoDaMemoriaUITests" */ = {
			isa = XCConfigurationList;
			buildConfigurations = (
				A7F0352A2532002000A1541E /* Debug */,
				A7F0352B2532002000A1541E /* Release */,
			);
			defaultConfigurationIsVisible = 0;
			defaultConfigurationName = Release;
		};
/* End XCConfigurationList section */
	};
	rootObject = A7F034F12532001F00A1541E /* Project object */;
}
